
Microsoft Visual Studio Solution File, Format Version 11.00
# Visual Studio 2010
Project("{2150E333-8FDC-42A3-9474-1A3956D46DE8}") = "UI", "UI", "{42557362-4AF5-45EE-9992-928DB97C4A2C}"
EndProject
Project("{FAE04EC0-301F-11D3-BF4B-00C04F79EFBC}") = "Server.Console", "UI\Server.Console\Server.Console.csproj", "{8A733BD1-DECA-4E2D-B5B5-B8A87D8742C0}"
EndProject
Project("{FAE04EC0-301F-11D3-BF4B-00C04F79EFBC}") = "Fap.Presentation", "UI\Client.WPF\Fap.Presentation.csproj", "{67F392E7-7F7D-49FC-AD0D-2C06CE948D55}"
EndProject
Project("{FAE04EC0-301F-11D3-BF4B-00C04F79EFBC}") = "Client.Console", "UI\Client.Console\Client.Console.csproj", "{64266754-C93F-4A00-AE3B-67DFC20C7B0D}"
EndProject
Project("{2150E333-8FDC-42A3-9474-1A3956D46DE8}") = "Test", "Test", "{B726536B-FC42-4992-8AA2-BD08432FBB75}"
EndProject
Project("{FAE04EC0-301F-11D3-BF4B-00C04F79EFBC}") = "FAP.Domain", "FAP.Domain\FAP.Domain.csproj", "{9822FF50-837E-4984-951F-629CE449D2E4}"
EndProject
Project("{2150E333-8FDC-42A3-9474-1A3956D46DE8}") = "Libs", "Libs", "{4BC014E2-65BE-479B-BEB0-321228BA9E63}"
EndProject
Project("{FAE04EC0-301F-11D3-BF4B-00C04F79EFBC}") = "HttpServer", "libs\HttpServer\HttpServer.csproj", "{363D4A84-957E-4CDA-ACB7-EEDE603FDD81}"
EndProject
Project("{FAE04EC0-301F-11D3-BF4B-00C04F79EFBC}") = "FAP.Network", "FAP.Network\FAP.Network.csproj", "{0AC20642-A791-4A95-89C7-94F5027D2A1A}"
EndProject
Project("{FAE04EC0-301F-11D3-BF4B-00C04F79EFBC}") = "FAP.Application", "FAP.Application\FAP.Application.csproj", "{EA7EB38E-8E15-41A2-ACED-A0399923FA01}"
EndProject
Project("{FAE04EC0-301F-11D3-BF4B-00C04F79EFBC}") = "FAP.Foundation", "FAP.Foundation\FAP.Foundation.csproj", "{D8890820-A42F-4642-BCDB-B864C3A7B741}"
EndProject
Project("{FAE04EC0-301F-11D3-BF4B-00C04F79EFBC}") = "WpfApplicationFramework", "libs\WpfApplicationFramework\WpfApplicationFramework\WpfApplicationFramework\WpfApplicationFramework.csproj", "{27B67DFE-0BF1-4435-B036-E4C083EAEA03}"
EndProject
Project("{FAE04EC0-301F-11D3-BF4B-00C04F79EFBC}") = "LinqToWmi.Core", "libs\LinqToWmi\LinqToWmi.Core\LinqToWmi.Core.csproj", "{F4EC1E7F-A7F2-4D3B-B442-667BF8C6FE34}"
EndProject
Project("{FAE04EC0-301F-11D3-BF4B-00C04F79EFBC}") = "Odyssey", "libs\Odyssey\Odyssey.csproj", "{333FDC55-6B47-4A64-A2DF-A4C5823FAC74}"
EndProject
Global
	GlobalSection(SolutionConfigurationPlatforms) = preSolution
		Debug|Any CPU = Debug|Any CPU
		Debug|x86 = Debug|x86
		Debug2|Any CPU = Debug2|Any CPU
		Debug2|x86 = Debug2|x86
		Release|Any CPU = Release|Any CPU
		Release|x86 = Release|x86
		ReleaseSingleServer|Any CPU = ReleaseSingleServer|Any CPU
		ReleaseSingleServer|x86 = ReleaseSingleServer|x86
	EndGlobalSection
	GlobalSection(ProjectConfigurationPlatforms) = postSolution
		{8A733BD1-DECA-4E2D-B5B5-B8A87D8742C0}.Debug|Any CPU.ActiveCfg = Debug|Any CPU
		{8A733BD1-DECA-4E2D-B5B5-B8A87D8742C0}.Debug|Any CPU.Build.0 = Debug|Any CPU
		{8A733BD1-DECA-4E2D-B5B5-B8A87D8742C0}.Debug|x86.ActiveCfg = Debug|x86
		{8A733BD1-DECA-4E2D-B5B5-B8A87D8742C0}.Debug|x86.Build.0 = Debug|x86
		{8A733BD1-DECA-4E2D-B5B5-B8A87D8742C0}.Debug2|Any CPU.ActiveCfg = Debug2|Any CPU
		{8A733BD1-DECA-4E2D-B5B5-B8A87D8742C0}.Debug2|Any CPU.Build.0 = Debug2|Any CPU
		{8A733BD1-DECA-4E2D-B5B5-B8A87D8742C0}.Debug2|x86.ActiveCfg = Debug2|x86
		{8A733BD1-DECA-4E2D-B5B5-B8A87D8742C0}.Debug2|x86.Build.0 = Debug2|x86
		{8A733BD1-DECA-4E2D-B5B5-B8A87D8742C0}.Release|Any CPU.ActiveCfg = Release|Any CPU
		{8A733BD1-DECA-4E2D-B5B5-B8A87D8742C0}.Release|Any CPU.Build.0 = Release|Any CPU
		{8A733BD1-DECA-4E2D-B5B5-B8A87D8742C0}.Release|x86.ActiveCfg = Release|Any CPU
		{8A733BD1-DECA-4E2D-B5B5-B8A87D8742C0}.Release|x86.Build.0 = Release|Any CPU
		{8A733BD1-DECA-4E2D-B5B5-B8A87D8742C0}.ReleaseSingleServer|Any CPU.ActiveCfg = Release|Any CPU
		{8A733BD1-DECA-4E2D-B5B5-B8A87D8742C0}.ReleaseSingleServer|Any CPU.Build.0 = Release|Any CPU
		{8A733BD1-DECA-4E2D-B5B5-B8A87D8742C0}.ReleaseSingleServer|x86.ActiveCfg = Release|Any CPU
		{67F392E7-7F7D-49FC-AD0D-2C06CE948D55}.Debug|Any CPU.ActiveCfg = Debug|Any CPU
		{67F392E7-7F7D-49FC-AD0D-2C06CE948D55}.Debug|Any CPU.Build.0 = Debug|Any CPU
		{67F392E7-7F7D-49FC-AD0D-2C06CE948D55}.Debug|x86.ActiveCfg = Debug|x86
		{67F392E7-7F7D-49FC-AD0D-2C06CE948D55}.Debug|x86.Build.0 = Debug|x86
		{67F392E7-7F7D-49FC-AD0D-2C06CE948D55}.Debug2|Any CPU.ActiveCfg = Debug2|Any CPU
		{67F392E7-7F7D-49FC-AD0D-2C06CE948D55}.Debug2|Any CPU.Build.0 = Debug2|Any CPU
		{67F392E7-7F7D-49FC-AD0D-2C06CE948D55}.Debug2|x86.ActiveCfg = Debug2|x86
		{67F392E7-7F7D-49FC-AD0D-2C06CE948D55}.Debug2|x86.Build.0 = Debug2|x86
		{67F392E7-7F7D-49FC-AD0D-2C06CE948D55}.Release|Any CPU.ActiveCfg = Release|Any CPU
		{67F392E7-7F7D-49FC-AD0D-2C06CE948D55}.Release|Any CPU.Build.0 = Release|Any CPU
		{67F392E7-7F7D-49FC-AD0D-2C06CE948D55}.Release|x86.ActiveCfg = Release|Any CPU
		{67F392E7-7F7D-49FC-AD0D-2C06CE948D55}.Release|x86.Build.0 = Release|Any CPU
		{67F392E7-7F7D-49FC-AD0D-2C06CE948D55}.ReleaseSingleServer|Any CPU.ActiveCfg = Release|Any CPU
		{67F392E7-7F7D-49FC-AD0D-2C06CE948D55}.ReleaseSingleServer|Any CPU.Build.0 = Release|Any CPU
		{67F392E7-7F7D-49FC-AD0D-2C06CE948D55}.ReleaseSingleServer|x86.ActiveCfg = Release|Any CPU
		{64266754-C93F-4A00-AE3B-67DFC20C7B0D}.Debug|Any CPU.ActiveCfg = Debug|Any CPU
		{64266754-C93F-4A00-AE3B-67DFC20C7B0D}.Debug|x86.ActiveCfg = Debug|x86
		{64266754-C93F-4A00-AE3B-67DFC20C7B0D}.Debug2|Any CPU.ActiveCfg = Debug|x86
		{64266754-C93F-4A00-AE3B-67DFC20C7B0D}.Debug2|x86.ActiveCfg = Debug|x86
		{64266754-C93F-4A00-AE3B-67DFC20C7B0D}.Release|Any CPU.ActiveCfg = Release|Any CPU
		{64266754-C93F-4A00-AE3B-67DFC20C7B0D}.Release|x86.ActiveCfg = Release|x86
		{64266754-C93F-4A00-AE3B-67DFC20C7B0D}.Release|x86.Build.0 = Release|x86
		{64266754-C93F-4A00-AE3B-67DFC20C7B0D}.ReleaseSingleServer|Any CPU.ActiveCfg = Release|Any CPU
		{64266754-C93F-4A00-AE3B-67DFC20C7B0D}.ReleaseSingleServer|x86.ActiveCfg = Release|Any CPU
		{9822FF50-837E-4984-951F-629CE449D2E4}.Debug|Any CPU.ActiveCfg = Debug|Any CPU
		{9822FF50-837E-4984-951F-629CE449D2E4}.Debug|Any CPU.Build.0 = Debug|Any CPU
		{9822FF50-837E-4984-951F-629CE449D2E4}.Debug|x86.ActiveCfg = Debug|x86
		{9822FF50-837E-4984-951F-629CE449D2E4}.Debug|x86.Build.0 = Debug|x86
		{9822FF50-837E-4984-951F-629CE449D2E4}.Debug2|Any CPU.ActiveCfg = Debug2|Any CPU
		{9822FF50-837E-4984-951F-629CE449D2E4}.Debug2|Any CPU.Build.0 = Debug2|Any CPU
		{9822FF50-837E-4984-951F-629CE449D2E4}.Debug2|x86.ActiveCfg = Debug2|x86
		{9822FF50-837E-4984-951F-629CE449D2E4}.Debug2|x86.Build.0 = Debug2|x86
		{9822FF50-837E-4984-951F-629CE449D2E4}.Release|Any CPU.ActiveCfg = Release|Any CPU
		{9822FF50-837E-4984-951F-629CE449D2E4}.Release|Any CPU.Build.0 = Release|Any CPU
		{9822FF50-837E-4984-951F-629CE449D2E4}.Release|x86.ActiveCfg = Release|Any CPU
		{9822FF50-837E-4984-951F-629CE449D2E4}.Release|x86.Build.0 = Release|Any CPU
		{9822FF50-837E-4984-951F-629CE449D2E4}.ReleaseSingleServer|Any CPU.ActiveCfg = Release|Any CPU
		{9822FF50-837E-4984-951F-629CE449D2E4}.ReleaseSingleServer|Any CPU.Build.0 = Release|Any CPU
		{9822FF50-837E-4984-951F-629CE449D2E4}.ReleaseSingleServer|x86.ActiveCfg = Release|x86
		{9822FF50-837E-4984-951F-629CE449D2E4}.ReleaseSingleServer|x86.Build.0 = Release|x86
		{363D4A84-957E-4CDA-ACB7-EEDE603FDD81}.Debug|Any CPU.ActiveCfg = Debug|Any CPU
		{363D4A84-957E-4CDA-ACB7-EEDE603FDD81}.Debug|Any CPU.Build.0 = Debug|Any CPU
		{363D4A84-957E-4CDA-ACB7-EEDE603FDD81}.Debug|x86.ActiveCfg = Debug|x86
		{363D4A84-957E-4CDA-ACB7-EEDE603FDD81}.Debug|x86.Build.0 = Debug|x86
		{363D4A84-957E-4CDA-ACB7-EEDE603FDD81}.Debug2|Any CPU.ActiveCfg = Debug2|Any CPU
		{363D4A84-957E-4CDA-ACB7-EEDE603FDD81}.Debug2|Any CPU.Build.0 = Debug2|Any CPU
		{363D4A84-957E-4CDA-ACB7-EEDE603FDD81}.Debug2|x86.ActiveCfg = Debug2|x86
		{363D4A84-957E-4CDA-ACB7-EEDE603FDD81}.Debug2|x86.Build.0 = Debug2|x86
		{363D4A84-957E-4CDA-ACB7-EEDE603FDD81}.Release|Any CPU.ActiveCfg = Release|Any CPU
		{363D4A84-957E-4CDA-ACB7-EEDE603FDD81}.Release|Any CPU.Build.0 = Release|Any CPU
		{363D4A84-957E-4CDA-ACB7-EEDE603FDD81}.Release|x86.ActiveCfg = Release|Any CPU
		{363D4A84-957E-4CDA-ACB7-EEDE603FDD81}.Release|x86.Build.0 = Release|Any CPU
		{363D4A84-957E-4CDA-ACB7-EEDE603FDD81}.ReleaseSingleServer|Any CPU.ActiveCfg = Release|Any CPU
		{363D4A84-957E-4CDA-ACB7-EEDE603FDD81}.ReleaseSingleServer|Any CPU.Build.0 = Release|Any CPU
		{363D4A84-957E-4CDA-ACB7-EEDE603FDD81}.ReleaseSingleServer|x86.ActiveCfg = Release|x86
		{363D4A84-957E-4CDA-ACB7-EEDE603FDD81}.ReleaseSingleServer|x86.Build.0 = Release|x86
		{0AC20642-A791-4A95-89C7-94F5027D2A1A}.Debug|Any CPU.ActiveCfg = Debug|Any CPU
		{0AC20642-A791-4A95-89C7-94F5027D2A1A}.Debug|Any CPU.Build.0 = Debug|Any CPU
		{0AC20642-A791-4A95-89C7-94F5027D2A1A}.Debug|x86.ActiveCfg = Debug|x86
		{0AC20642-A791-4A95-89C7-94F5027D2A1A}.Debug|x86.Build.0 = Debug|x86
		{0AC20642-A791-4A95-89C7-94F5027D2A1A}.Debug2|Any CPU.ActiveCfg = Debug2|Any CPU
		{0AC20642-A791-4A95-89C7-94F5027D2A1A}.Debug2|Any CPU.Build.0 = Debug2|Any CPU
		{0AC20642-A791-4A95-89C7-94F5027D2A1A}.Debug2|x86.ActiveCfg = Debug2|x86
		{0AC20642-A791-4A95-89C7-94F5027D2A1A}.Debug2|x86.Build.0 = Debug2|x86
		{0AC20642-A791-4A95-89C7-94F5027D2A1A}.Release|Any CPU.ActiveCfg = Release|Any CPU
		{0AC20642-A791-4A95-89C7-94F5027D2A1A}.Release|Any CPU.Build.0 = Release|Any CPU
		{0AC20642-A791-4A95-89C7-94F5027D2A1A}.Release|x86.ActiveCfg = Release|Any CPU
		{0AC20642-A791-4A95-89C7-94F5027D2A1A}.Release|x86.Build.0 = Release|Any CPU
		{0AC20642-A791-4A95-89C7-94F5027D2A1A}.ReleaseSingleServer|Any CPU.ActiveCfg = Release|Any CPU
		{0AC20642-A791-4A95-89C7-94F5027D2A1A}.ReleaseSingleServer|Any CPU.Build.0 = Release|Any CPU
		{0AC20642-A791-4A95-89C7-94F5027D2A1A}.ReleaseSingleServer|x86.ActiveCfg = Release|x86
		{0AC20642-A791-4A95-89C7-94F5027D2A1A}.ReleaseSingleServer|x86.Build.0 = Release|x86
		{EA7EB38E-8E15-41A2-ACED-A0399923FA01}.Debug|Any CPU.ActiveCfg = Debug|Any CPU
		{EA7EB38E-8E15-41A2-ACED-A0399923FA01}.Debug|Any CPU.Build.0 = Debug|Any CPU
		{EA7EB38E-8E15-41A2-ACED-A0399923FA01}.Debug|x86.ActiveCfg = Debug|x86
		{EA7EB38E-8E15-41A2-ACED-A0399923FA01}.Debug|x86.Build.0 = Debug|x86
		{EA7EB38E-8E15-41A2-ACED-A0399923FA01}.Debug2|Any CPU.ActiveCfg = Debug2|Any CPU
		{EA7EB38E-8E15-41A2-ACED-A0399923FA01}.Debug2|Any CPU.Build.0 = Debug2|Any CPU
		{EA7EB38E-8E15-41A2-ACED-A0399923FA01}.Debug2|x86.ActiveCfg = Debug2|x86
		{EA7EB38E-8E15-41A2-ACED-A0399923FA01}.Debug2|x86.Build.0 = Debug2|x86
		{EA7EB38E-8E15-41A2-ACED-A0399923FA01}.Release|Any CPU.ActiveCfg = Release|Any CPU
		{EA7EB38E-8E15-41A2-ACED-A0399923FA01}.Release|Any CPU.Build.0 = Release|Any CPU
		{EA7EB38E-8E15-41A2-ACED-A0399923FA01}.Release|x86.ActiveCfg = Release|Any CPU
		{EA7EB38E-8E15-41A2-ACED-A0399923FA01}.Release|x86.Build.0 = Release|Any CPU
		{EA7EB38E-8E15-41A2-ACED-A0399923FA01}.ReleaseSingleServer|Any CPU.ActiveCfg = Release|Any CPU
		{EA7EB38E-8E15-41A2-ACED-A0399923FA01}.ReleaseSingleServer|Any CPU.Build.0 = Release|Any CPU
		{EA7EB38E-8E15-41A2-ACED-A0399923FA01}.ReleaseSingleServer|x86.ActiveCfg = Release|Any CPU
		{D8890820-A42F-4642-BCDB-B864C3A7B741}.Debug|Any CPU.ActiveCfg = Debug|Any CPU
		{D8890820-A42F-4642-BCDB-B864C3A7B741}.Debug|Any CPU.Build.0 = Debug|Any CPU
		{D8890820-A42F-4642-BCDB-B864C3A7B741}.Debug|x86.ActiveCfg = Debug|x86
		{D8890820-A42F-4642-BCDB-B864C3A7B741}.Debug|x86.Build.0 = Debug|x86
		{D8890820-A42F-4642-BCDB-B864C3A7B741}.Debug2|Any CPU.ActiveCfg = Debug2|Any CPU
		{D8890820-A42F-4642-BCDB-B864C3A7B741}.Debug2|Any CPU.Build.0 = Debug2|Any CPU
		{D8890820-A42F-4642-BCDB-B864C3A7B741}.Debug2|x86.ActiveCfg = Debug2|x86
		{D8890820-A42F-4642-BCDB-B864C3A7B741}.Debug2|x86.Build.0 = Debug2|x86
		{D8890820-A42F-4642-BCDB-B864C3A7B741}.Release|Any CPU.ActiveCfg = Release|Any CPU
		{D8890820-A42F-4642-BCDB-B864C3A7B741}.Release|Any CPU.Build.0 = Release|Any CPU
		{D8890820-A42F-4642-BCDB-B864C3A7B741}.Release|x86.ActiveCfg = Release|Any CPU
		{D8890820-A42F-4642-BCDB-B864C3A7B741}.Release|x86.Build.0 = Release|Any CPU
		{D8890820-A42F-4642-BCDB-B864C3A7B741}.ReleaseSingleServer|Any CPU.ActiveCfg = ReleaseSingleServer|Any CPU
		{D8890820-A42F-4642-BCDB-B864C3A7B741}.ReleaseSingleServer|Any CPU.Build.0 = ReleaseSingleServer|Any CPU
		{D8890820-A42F-4642-BCDB-B864C3A7B741}.ReleaseSingleServer|x86.ActiveCfg = ReleaseSingleServer|x86
		{D8890820-A42F-4642-BCDB-B864C3A7B741}.ReleaseSingleServer|x86.Build.0 = ReleaseSingleServer|x86
		{27B67DFE-0BF1-4435-B036-E4C083EAEA03}.Debug|Any CPU.ActiveCfg = Debug|Any CPU
		{27B67DFE-0BF1-4435-B036-E4C083EAEA03}.Debug|Any CPU.Build.0 = Debug|Any CPU
		{27B67DFE-0BF1-4435-B036-E4C083EAEA03}.Debug|x86.ActiveCfg = Debug|x86
		{27B67DFE-0BF1-4435-B036-E4C083EAEA03}.Debug|x86.Build.0 = Debug|x86
		{27B67DFE-0BF1-4435-B036-E4C083EAEA03}.Debug2|Any CPU.ActiveCfg = Debug2|Any CPU
		{27B67DFE-0BF1-4435-B036-E4C083EAEA03}.Debug2|Any CPU.Build.0 = Debug2|Any CPU
		{27B67DFE-0BF1-4435-B036-E4C083EAEA03}.Debug2|x86.ActiveCfg = Debug2|x86
		{27B67DFE-0BF1-4435-B036-E4C083EAEA03}.Debug2|x86.Build.0 = Debug2|x86
		{27B67DFE-0BF1-4435-B036-E4C083EAEA03}.Release|Any CPU.ActiveCfg = Release|Any CPU
		{27B67DFE-0BF1-4435-B036-E4C083EAEA03}.Release|Any CPU.Build.0 = Release|Any CPU
		{27B67DFE-0BF1-4435-B036-E4C083EAEA03}.Release|x86.ActiveCfg = Release|Any CPU
		{27B67DFE-0BF1-4435-B036-E4C083EAEA03}.Release|x86.Build.0 = Release|Any CPU
		{27B67DFE-0BF1-4435-B036-E4C083EAEA03}.ReleaseSingleServer|Any CPU.ActiveCfg = ReleaseSingleServer|Any CPU
		{27B67DFE-0BF1-4435-B036-E4C083EAEA03}.ReleaseSingleServer|Any CPU.Build.0 = ReleaseSingleServer|Any CPU
		{27B67DFE-0BF1-4435-B036-E4C083EAEA03}.ReleaseSingleServer|x86.ActiveCfg = ReleaseSingleServer|x86
		{27B67DFE-0BF1-4435-B036-E4C083EAEA03}.ReleaseSingleServer|x86.Build.0 = ReleaseSingleServer|x86
		{F4EC1E7F-A7F2-4D3B-B442-667BF8C6FE34}.Debug|Any CPU.ActiveCfg = Debug|Any CPU
		{F4EC1E7F-A7F2-4D3B-B442-667BF8C6FE34}.Debug|Any CPU.Build.0 = Debug|Any CPU
		{F4EC1E7F-A7F2-4D3B-B442-667BF8C6FE34}.Debug|x86.ActiveCfg = Debug|x86
		{F4EC1E7F-A7F2-4D3B-B442-667BF8C6FE34}.Debug|x86.Build.0 = Debug|x86
		{F4EC1E7F-A7F2-4D3B-B442-667BF8C6FE34}.Debug2|Any CPU.ActiveCfg = Debug2|Any CPU
		{F4EC1E7F-A7F2-4D3B-B442-667BF8C6FE34}.Debug2|Any CPU.Build.0 = Debug2|Any CPU
		{F4EC1E7F-A7F2-4D3B-B442-667BF8C6FE34}.Debug2|x86.ActiveCfg = Debug2|x86
		{F4EC1E7F-A7F2-4D3B-B442-667BF8C6FE34}.Debug2|x86.Build.0 = Debug2|x86
		{F4EC1E7F-A7F2-4D3B-B442-667BF8C6FE34}.Release|Any CPU.ActiveCfg = Release|Any CPU
		{F4EC1E7F-A7F2-4D3B-B442-667BF8C6FE34}.Release|Any CPU.Build.0 = Release|Any CPU
		{F4EC1E7F-A7F2-4D3B-B442-667BF8C6FE34}.Release|x86.ActiveCfg = Release|Any CPU
		{F4EC1E7F-A7F2-4D3B-B442-667BF8C6FE34}.Release|x86.Build.0 = Release|Any CPU
		{F4EC1E7F-A7F2-4D3B-B442-667BF8C6FE34}.ReleaseSingleServer|Any CPU.ActiveCfg = ReleaseSingleServer|Any CPU
		{F4EC1E7F-A7F2-4D3B-B442-667BF8C6FE34}.ReleaseSingleServer|Any CPU.Build.0 = ReleaseSingleServer|Any CPU
		{F4EC1E7F-A7F2-4D3B-B442-667BF8C6FE34}.ReleaseSingleServer|x86.ActiveCfg = ReleaseSingleServer|x86
		{F4EC1E7F-A7F2-4D3B-B442-667BF8C6FE34}.ReleaseSingleServer|x86.Build.0 = ReleaseSingleServer|x86
		{333FDC55-6B47-4A64-A2DF-A4C5823FAC74}.Debug|Any CPU.ActiveCfg = Debug|Any CPU
		{333FDC55-6B47-4A64-A2DF-A4C5823FAC74}.Debug|Any CPU.Build.0 = Debug|Any CPU
		{333FDC55-6B47-4A64-A2DF-A4C5823FAC74}.Debug|x86.ActiveCfg = Debug|x86
		{333FDC55-6B47-4A64-A2DF-A4C5823FAC74}.Debug|x86.Build.0 = Debug|x86
		{333FDC55-6B47-4A64-A2DF-A4C5823FAC74}.Debug2|Any CPU.ActiveCfg = Debug2|Any CPU
		{333FDC55-6B47-4A64-A2DF-A4C5823FAC74}.Debug2|Any CPU.Build.0 = Debug2|Any CPU
		{333FDC55-6B47-4A64-A2DF-A4C5823FAC74}.Debug2|x86.ActiveCfg = Debug2|x86
		{333FDC55-6B47-4A64-A2DF-A4C5823FAC74}.Debug2|x86.Build.0 = Debug2|x86
		{333FDC55-6B47-4A64-A2DF-A4C5823FAC74}.Release|Any CPU.ActiveCfg = Release|Any CPU
		{333FDC55-6B47-4A64-A2DF-A4C5823FAC74}.Release|Any CPU.Build.0 = Release|Any CPU
		{333FDC55-6B47-4A64-A2DF-A4C5823FAC74}.Release|x86.ActiveCfg = Release|Any CPU
		{333FDC55-6B47-4A64-A2DF-A4C5823FAC74}.Release|x86.Build.0 = Release|Any CPU
		{333FDC55-6B47-4A64-A2DF-A4C5823FAC74}.ReleaseSingleServer|Any CPU.ActiveCfg = ReleaseSingleServer|Any CPU
		{333FDC55-6B47-4A64-A2DF-A4C5823FAC74}.ReleaseSingleServer|Any CPU.Build.0 = ReleaseSingleServer|Any CPU
		{333FDC55-6B47-4A64-A2DF-A4C5823FAC74}.ReleaseSingleServer|x86.ActiveCfg = ReleaseSingleServer|x86
		{333FDC55-6B47-4A64-A2DF-A4C5823FAC74}.ReleaseSingleServer|x86.Build.0 = ReleaseSingleServer|x86
	EndGlobalSection
	GlobalSection(SolutionProperties) = preSolution
		HideSolutionNode = FALSE
	EndGlobalSection
	GlobalSection(NestedProjects) = preSolution
		{8A733BD1-DECA-4E2D-B5B5-B8A87D8742C0} = {42557362-4AF5-45EE-9992-928DB97C4A2C}
		{67F392E7-7F7D-49FC-AD0D-2C06CE948D55} = {42557362-4AF5-45EE-9992-928DB97C4A2C}
		{64266754-C93F-4A00-AE3B-67DFC20C7B0D} = {42557362-4AF5-45EE-9992-928DB97C4A2C}
		{363D4A84-957E-4CDA-ACB7-EEDE603FDD81} = {4BC014E2-65BE-479B-BEB0-321228BA9E63}
		{27B67DFE-0BF1-4435-B036-E4C083EAEA03} = {4BC014E2-65BE-479B-BEB0-321228BA9E63}
		{F4EC1E7F-A7F2-4D3B-B442-667BF8C6FE34} = {4BC014E2-65BE-479B-BEB0-321228BA9E63}
		{333FDC55-6B47-4A64-A2DF-A4C5823FAC74} = {4BC014E2-65BE-479B-BEB0-321228BA9E63}
	EndGlobalSection
EndGlobal
